PackratFormat: 1.4
PackratVersion: 0.4.1.1
RVersion: 3.1.1
Repos: CRAN=http://cran.r-project.org

Package: assertthat
Source: CRAN
Version: 0.1
Hash: 4b419cfdc33a3019a7f3c6f0cdea6c38

Package: BH
Source: CRAN
Version: 1.54.0-4
Hash: 240790420ebcf7321eed885d421a8335

Package: bitops
Source: CRAN
Version: 1.0-6
Hash: cb26464a8321628636b547518994c931

Package: caTools
Source: CRAN
Version: 1.17
Hash: e350bf43b27772012b530ccdf2e34f4d
Requires: bitops

Package: colorspace
Source: CRAN
Version: 1.2-4
Hash: b775bd08a10f968fef582304b7c3ab9c

Package: devtools
Source: CRAN
Version: 1.5
Hash: d8c2ffc3d991d1b1a8625919b8be3f4c
Requires: digest, evaluate, httr, memoise, RCurl, whisker

Package: dichromat
Source: CRAN
Version: 2.0-0
Hash: 42be2136555fa4b6167605df56d8cd7c

Package: digest
Source: CRAN
Version: 0.6.4
Hash: e4bf0e79b15a352510aff0de905d31e2

Package: dplyr
Source: CRAN
Version: 0.2
Hash: 4c509621a9a1d5e070f2e6807f228711
Requires: assertthat, BH, hflights, Lahman, magrittr, Rcpp

Package: evaluate
Source: CRAN
Version: 0.5.5
Hash: 20881970e590ee68de97a468694db7b0
Requires: stringr

Package: formatR
Source: CRAN
Version: 1.0
Hash: a90c211d7df7e61a72b8ab6c99c2e848

Package: gender
Source: github
Version: 0.4.9002
Hash: 4d022cab5134090256f396890f38a99b6da315ff
Requires: dplyr, genderdata, httr, jsonlite
GithubRepo: gender
GithubUsername: ropensci
GithubRef: develop
GithubSha1: 4d022cab5134090256f396890f38a99b6da315ff

Package: genderdata
Source: github
Version: 0.1
Hash: ba850f2c23f55d5d19acf6ccf0e180471636b6a1
GithubRepo: gender-data-pkg
GithubUsername: lmullen
GithubRef: master
GithubSha1: ba850f2c23f55d5d19acf6ccf0e180471636b6a1

Package: ggplot2
Source: CRAN
Version: 1.0.0
Hash: c8bff66238347472f08b6a35608539ff
Requires: digest, gtable, MASS, plyr, proto, reshape2, scales

Package: gridExtra
Source: CRAN
Version: 0.9.1
Hash: 1cb7af8c140431ec4e99905f1d8adcc4

Package: gtable
Source: CRAN
Version: 0.1.2
Hash: 0cf4a2b54c02b35dec7e74a8ebed12a0

Package: hflights
Source: CRAN
Version: 0.1
Hash: c695268ebb08ef39e7bf4909e667406c

Package: highr
Source: CRAN
Version: 0.3
Hash: 7c85a9b7d07a75e2d8ca74f9467fee21

Package: htmltools
Source: CRAN
Version: 0.2.4
Hash: 88df1d8bc3728256408aab4d416959d1
Requires: digest

Package: httr
Source: CRAN
Version: 0.5
Hash: 68a70bdd16fb949a12e4fda7f31def00
Requires: digest, jsonlite, RCurl, stringr

Package: jsonlite
Source: CRAN
Version: 0.9.11
Hash: 9eda817b04b4253e3dc1ba685b0bd612

Package: knitr
Source: CRAN
Version: 1.6
Hash: 0f6457facba94bccad17a7c67c2f4168
Requires: digest, evaluate, formatR, highr, markdown, stringr

Package: labeling
Source: CRAN
Version: 0.3
Hash: 568a992912caf7eeddfb121924154047

Package: Lahman
Source: CRAN
Version: 2.0-3
Hash: 45a202fe77d745af4b76d0683abf5963

Package: magrittr
Source: CRAN
Version: 1.0.1
Hash: 576e5bf21e3801499cebc27af6ad1627

Package: markdown
Source: CRAN
Version: 0.7.4
Hash: 01d7f71ed6e3d9b1c17ba51cff91be72
Requires: mime

Package: MASS
Source: CRAN
Version: 7.3-34
Hash: 9730a45e523e39a8e7f96d6455685436

Package: memoise
Source: CRAN
Version: 0.2.1
Hash: fc52fa39dfd216c44d64812ff31b1c67
Requires: digest

Package: mime
Source: CRAN
Version: 0.1.2
Hash: 08ae994b18677717b786ade9c113b6ea

Package: mullenMisc
Source: github
Version: 0.1.5
Hash: f1d5a0a1711ee3f458fa7e69f7fcda81c271c40c
GithubRepo: mullenMisc
GithubUsername: lmullen
GithubRef: master
GithubSha1: f1d5a0a1711ee3f458fa7e69f7fcda81c271c40c

Package: munsell
Source: CRAN
Version: 0.4.2
Hash: fa8af6d040041439b249351e9d16ae9a
Requires: colorspace

Package: packrat
Source: CRAN
Version: 0.4.1-1
Hash: 5716097644904b9c1b4be2692de16005

Package: plyr
Source: CRAN
Version: 1.8.1
Hash: be21bad411e628f810a92212e17b5be7
Requires: Rcpp

Package: proto
Source: CRAN
Version: 0.3-10
Hash: 668a9e87cedbdc5f56c396edf1bd2648

Package: RColorBrewer
Source: CRAN
Version: 1.0-5
Hash: 6a849b729bec970204ca88b96906adbc

Package: Rcpp
Source: CRAN
Version: 0.11.2
Hash: ef2b1a5e45d1461bd720e4ebbe48e601

Package: RCurl
Source: CRAN
Version: 1.95-4.3
Hash: 158377109f939084a72f240125f821d3
Requires: bitops

Package: reshape2
Source: CRAN
Version: 1.4
Hash: b210925e978fd52ad5eb0822a353e7ce
Requires: plyr, Rcpp, stringr

Package: rmarkdown
Source: github
Version: 0.2.68
Hash: d2474565b72d39ed83b32d3c92a2bb02f8ed03a5
Requires: caTools, htmltools, knitr, yaml
GithubRepo: rmarkdown
GithubUsername: rstudio
GithubRef: master
GithubSha1: d2474565b72d39ed83b32d3c92a2bb02f8ed03a5

Package: scales
Source: CRAN
Version: 0.2.4
Hash: b8b1af97bd07818605223060386b00dd
Requires: dichromat, labeling, munsell, plyr, RColorBrewer

Package: stringr
Source: CRAN
Version: 0.6.2
Hash: cdde0cfa0f52cffeaca23a11a3899779

Package: tidyr
Source: CRAN
Version: 0.1
Hash: 670914c4cc556ce437637448b4b3e8b0
Requires: dplyr, reshape2

Package: whisker
Source: CRAN
Version: 0.3-2
Hash: 186ab2937fec1694c8a63009a2389c4e

Package: yaml
Source: CRAN
Version: 2.1.13
Hash: e5d041c001f6d641fd009c1f6ef7d831
